
Microsoft Visual Studio Solution File, Format Version 12.00
# Visual Studio 15
Project("{FAE04EC0-301F-11D3-BF4B-00C04F79EFBC}") = "FMODUnity", "FMODUnity.csproj", "{52189F0C-584C-F54C-EE9B-810F3CD8BDA8}"
EndProject
Project("{FAE04EC0-301F-11D3-BF4B-00C04F79EFBC}") = "FMODUnityEditor", "FMODUnityEditor.csproj", "{E755D098-C90D-84B9-EEBF-EBD2C8A1846D}"
EndProject
Project("{FAE04EC0-301F-11D3-BF4B-00C04F79EFBC}") = "Assembly-CSharp", "Assembly-CSharp.csproj", "{38CDCB4D-D955-E499-FE34-A853583C439F}"
EndProject
Project("{FAE04EC0-301F-11D3-BF4B-00C04F79EFBC}") = "FMODUnityResonanceEditor", "FMODUnityResonanceEditor.csproj", "{DBD9F164-AF33-252B-48B6-2986511C221A}"
EndProject
Project("{FAE04EC0-301F-11D3-BF4B-00C04F79EFBC}") = "FMODUnityResonance", "FMODUnityResonance.csproj", "{F7B6E16B-5128-6AD8-645F-02BEB38F24C3}"
EndProject
Global
	GlobalSection(SolutionConfigurationPlatforms) = preSolution
		Debug|Any CPU = Debug|Any CPU
		Release|Any CPU = Release|Any CPU
	EndGlobalSection
	GlobalSection(ProjectConfigurationPlatforms) = postSolution
		{52189F0C-584C-F54C-EE9B-810F3CD8BDA8}.Debug|Any CPU.ActiveCfg = Debug|Any CPU
		{52189F0C-584C-F54C-EE9B-810F3CD8BDA8}.Debug|Any CPU.Build.0 = Debug|Any CPU
		{52189F0C-584C-F54C-EE9B-810F3CD8BDA8}.Release|Any CPU.ActiveCfg = Release|Any CPU
		{52189F0C-584C-F54C-EE9B-810F3CD8BDA8}.Release|Any CPU.Build.0 = Release|Any CPU
		{E755D098-C90D-84B9-EEBF-EBD2C8A1846D}.Debug|Any CPU.ActiveCfg = Debug|Any CPU
		{E755D098-C90D-84B9-EEBF-EBD2C8A1846D}.Debug|Any CPU.Build.0 = Debug|Any CPU
		{E755D098-C90D-84B9-EEBF-EBD2C8A1846D}.Release|Any CPU.ActiveCfg = Release|Any CPU
		{E755D098-C90D-84B9-EEBF-EBD2C8A1846D}.Release|Any CPU.Build.0 = Release|Any CPU
		{38CDCB4D-D955-E499-FE34-A853583C439F}.Debug|Any CPU.ActiveCfg = Debug|Any CPU
		{38CDCB4D-D955-E499-FE34-A853583C439F}.Debug|Any CPU.Build.0 = Debug|Any CPU
		{38CDCB4D-D955-E499-FE34-A853583C439F}.Release|Any CPU.ActiveCfg = Release|Any CPU
		{38CDCB4D-D955-E499-FE34-A853583C439F}.Release|Any CPU.Build.0 = Release|Any CPU
		{DBD9F164-AF33-252B-48B6-2986511C221A}.Debug|Any CPU.ActiveCfg = Debug|Any CPU
		{DBD9F164-AF33-252B-48B6-2986511C221A}.Debug|Any CPU.Build.0 = Debug|Any CPU
		{DBD9F164-AF33-252B-48B6-2986511C221A}.Release|Any CPU.ActiveCfg = Release|Any CPU
		{DBD9F164-AF33-252B-48B6-2986511C221A}.Release|Any CPU.Build.0 = Release|Any CPU
		{F7B6E16B-5128-6AD8-645F-02BEB38F24C3}.Debug|Any CPU.ActiveCfg = Debug|Any CPU
		{F7B6E16B-5128-6AD8-645F-02BEB38F24C3}.Debug|Any CPU.Build.0 = Debug|Any CPU
		{F7B6E16B-5128-6AD8-645F-02BEB38F24C3}.Release|Any CPU.ActiveCfg = Release|Any CPU
		{F7B6E16B-5128-6AD8-645F-02BEB38F24C3}.Release|Any CPU.Build.0 = Release|Any CPU
	EndGlobalSection
	GlobalSection(SolutionProperties) = preSolution
		HideSolutionNode = FALSE
	EndGlobalSection
EndGlobal
