
Microsoft Visual Studio Solution File, Format Version 12.00
# Visual Studio 15
Project("{FAE04EC0-301F-11D3-BF4B-00C04F79EFBC}") = "Assembly-CSharp", "Assembly-CSharp.csproj", "{52D4CD97-5DB9-C07B-E315-BC39ADAEEFD6}"
EndProject
Project("{FAE04EC0-301F-11D3-BF4B-00C04F79EFBC}") = "FMODUnity", "FMODUnity.csproj", "{CCBB53A2-FA34-E937-F11B-CD94C8800E35}"
EndProject
Project("{FAE04EC0-301F-11D3-BF4B-00C04F79EFBC}") = "FMODUnityEditor", "FMODUnityEditor.csproj", "{6111CD9C-E9F8-A553-703E-307A23721503}"
EndProject
Project("{FAE04EC0-301F-11D3-BF4B-00C04F79EFBC}") = "FMODUnityResonanceEditor", "FMODUnityResonanceEditor.csproj", "{AB3B3010-8693-F69E-9A88-B7AEEBCF267D}"
EndProject
Project("{FAE04EC0-301F-11D3-BF4B-00C04F79EFBC}") = "FMODUnityResonance", "FMODUnityResonance.csproj", "{97DE47AB-C3F8-6F1B-B161-1B7DADFDEAA0}"
EndProject
Global
	GlobalSection(SolutionConfigurationPlatforms) = preSolution
		Debug|Any CPU = Debug|Any CPU
		Release|Any CPU = Release|Any CPU
	EndGlobalSection
	GlobalSection(ProjectConfigurationPlatforms) = postSolution
		{52D4CD97-5DB9-C07B-E315-BC39ADAEEFD6}.Debug|Any CPU.ActiveCfg = Debug|Any CPU
		{52D4CD97-5DB9-C07B-E315-BC39ADAEEFD6}.Debug|Any CPU.Build.0 = Debug|Any CPU
		{52D4CD97-5DB9-C07B-E315-BC39ADAEEFD6}.Release|Any CPU.ActiveCfg = Release|Any CPU
		{52D4CD97-5DB9-C07B-E315-BC39ADAEEFD6}.Release|Any CPU.Build.0 = Release|Any CPU
		{CCBB53A2-FA34-E937-F11B-CD94C8800E35}.Debug|Any CPU.ActiveCfg = Debug|Any CPU
		{CCBB53A2-FA34-E937-F11B-CD94C8800E35}.Debug|Any CPU.Build.0 = Debug|Any CPU
		{CCBB53A2-FA34-E937-F11B-CD94C8800E35}.Release|Any CPU.ActiveCfg = Release|Any CPU
		{CCBB53A2-FA34-E937-F11B-CD94C8800E35}.Release|Any CPU.Build.0 = Release|Any CPU
		{6111CD9C-E9F8-A553-703E-307A23721503}.Debug|Any CPU.ActiveCfg = Debug|Any CPU
		{6111CD9C-E9F8-A553-703E-307A23721503}.Debug|Any CPU.Build.0 = Debug|Any CPU
		{6111CD9C-E9F8-A553-703E-307A23721503}.Release|Any CPU.ActiveCfg = Release|Any CPU
		{6111CD9C-E9F8-A553-703E-307A23721503}.Release|Any CPU.Build.0 = Release|Any CPU
		{AB3B3010-8693-F69E-9A88-B7AEEBCF267D}.Debug|Any CPU.ActiveCfg = Debug|Any CPU
		{AB3B3010-8693-F69E-9A88-B7AEEBCF267D}.Debug|Any CPU.Build.0 = Debug|Any CPU
		{AB3B3010-8693-F69E-9A88-B7AEEBCF267D}.Release|Any CPU.ActiveCfg = Release|Any CPU
		{AB3B3010-8693-F69E-9A88-B7AEEBCF267D}.Release|Any CPU.Build.0 = Release|Any CPU
		{97DE47AB-C3F8-6F1B-B161-1B7DADFDEAA0}.Debug|Any CPU.ActiveCfg = Debug|Any CPU
		{97DE47AB-C3F8-6F1B-B161-1B7DADFDEAA0}.Debug|Any CPU.Build.0 = Debug|Any CPU
		{97DE47AB-C3F8-6F1B-B161-1B7DADFDEAA0}.Release|Any CPU.ActiveCfg = Release|Any CPU
		{97DE47AB-C3F8-6F1B-B161-1B7DADFDEAA0}.Release|Any CPU.Build.0 = Release|Any CPU
	EndGlobalSection
	GlobalSection(SolutionProperties) = preSolution
		HideSolutionNode = FALSE
	EndGlobalSection
EndGlobal
